Microsoft Visual Studio Solution File, Format Version 12.00
# Visual Studio Version 17
VisualStudioVersion = 17.5.2.0
MinimumVisualStudioVersion = 10.0.40219.1
Project("{FAE04EC0-301F-11D3-BF4B-00C04F79EFBC}") = "RMS", "RMS.csproj", "{1131EF69-8281-5187-45A6-AE0A8D298567}"
EndProject
Global
	GlobalSection(SolutionConfigurationPlatforms) = preSolution
		Debug|Any CPU = Debug|Any CPU
		Release|Any CPU = Release|Any CPU
	EndGlobalSection
	GlobalSection(ProjectConfigurationPlatforms) = postSolution
		{1131EF69-8281-5187-45A6-AE0A8D298567}.Debug|Any CPU.ActiveCfg = Debug|Any CPU
		{1131EF69-8281-5187-45A6-AE0A8D298567}.Debug|Any CPU.Build.0 = Debug|Any CPU
		{1131EF69-8281-5187-45A6-AE0A8D298567}.Release|Any CPU.ActiveCfg = Release|Any CPU
		{1131EF69-8281-5187-45A6-AE0A8D298567}.Release|Any CPU.Build.0 = Release|Any CPU
	EndGlobalSection
	GlobalSection(SolutionProperties) = preSolution
		HideSolutionNode = FALSE
	EndGlobalSection
	GlobalSection(ExtensibilityGlobals) = postSolution
		SolutionGuid = {26DF880C-2C20-41A9-8019-BE08ED2C54B5}
	EndGlobalSection
EndGlobal
